
Microsoft Visual Studio Solution File, Format Version 12.00
# Visual Studio Version 16
VisualStudioVersion = 16.0.31410.357
MinimumVisualStudioVersion = 10.0.40219.1
Project("{FAE04EC0-301F-11D3-BF4B-00C04F79EFBC}") = "MilestoneGUI", "MilestoneGUI\MilestoneGUI.csproj", "{24EE39A5-A2BF-4582-BCB6-46D5733849D3}"
EndProject
Global
	GlobalSection(SolutionConfigurationPlatforms) = preSolution
		Debug|Any CPU = Debug|Any CPU
		Release|Any CPU = Release|Any CPU
	EndGlobalSection
	GlobalSection(ProjectConfigurationPlatforms) = postSolution
		{24EE39A5-A2BF-4582-BCB6-46D5733849D3}.Debug|Any CPU.ActiveCfg = Debug|Any CPU
		{24EE39A5-A2BF-4582-BCB6-46D5733849D3}.Debug|Any CPU.Build.0 = Debug|Any CPU
		{24EE39A5-A2BF-4582-BCB6-46D5733849D3}.Release|Any CPU.ActiveCfg = Release|Any CPU
		{24EE39A5-A2BF-4582-BCB6-46D5733849D3}.Release|Any CPU.Build.0 = Release|Any CPU
	EndGlobalSection
	GlobalSection(SolutionProperties) = preSolution
		HideSolutionNode = FALSE
	EndGlobalSection
	GlobalSection(ExtensibilityGlobals) = postSolution
		SolutionGuid = {83CA33BC-529B-466E-AB1E-A8D4FDF8A71E}
	EndGlobalSection
EndGlobal
