
Microsoft Visual Studio Solution File, Format Version 12.00
# Visual Studio Version 16
VisualStudioVersion = 16.0.31613.86
MinimumVisualStudioVersion = 10.0.40219.1
Project("{9A19103F-16F7-4668-BE54-9A1E7A4F7556}") = "Milestone2", "Milestone1 - CST-250\Milestone2.csproj", "{B91AD7EC-A921-4177-A935-DC186EC8D256}"
EndProject
Global
	GlobalSection(SolutionConfigurationPlatforms) = preSolution
		Debug|Any CPU = Debug|Any CPU
		Release|Any CPU = Release|Any CPU
	EndGlobalSection
	GlobalSection(ProjectConfigurationPlatforms) = postSolution
		{B91AD7EC-A921-4177-A935-DC186EC8D256}.Debug|Any CPU.ActiveCfg = Debug|Any CPU
		{B91AD7EC-A921-4177-A935-DC186EC8D256}.Debug|Any CPU.Build.0 = Debug|Any CPU
		{B91AD7EC-A921-4177-A935-DC186EC8D256}.Release|Any CPU.ActiveCfg = Release|Any CPU
		{B91AD7EC-A921-4177-A935-DC186EC8D256}.Release|Any CPU.Build.0 = Release|Any CPU
	EndGlobalSection
	GlobalSection(SolutionProperties) = preSolution
		HideSolutionNode = FALSE
	EndGlobalSection
	GlobalSection(ExtensibilityGlobals) = postSolution
		SolutionGuid = {0B5611B8-A54E-42F4-8391-DDB2183B5447}
	EndGlobalSection
EndGlobal
